
Microsoft Visual Studio Solution File, Format Version 12.00
# Visual Studio 15
Project("{FAE04EC0-301F-11D3-BF4B-00C04F79EFBC}") = "Assembly-CSharp", "Assembly-CSharp.csproj", "{F802776F-E2F7-5D46-4CB9-5AC76051F054}"
EndProject
Project("{FAE04EC0-301F-11D3-BF4B-00C04F79EFBC}") = "Assembly-CSharp-Editor", "Assembly-CSharp-Editor.csproj", "{D6A00DBF-132C-7351-63B0-CE5CAFE6D98E}"
EndProject
Global
	GlobalSection(SolutionConfigurationPlatforms) = preSolution
		Debug|Any CPU = Debug|Any CPU
		Release|Any CPU = Release|Any CPU
	EndGlobalSection
	GlobalSection(ProjectConfigurationPlatforms) = postSolution
		{F802776F-E2F7-5D46-4CB9-5AC76051F054}.Debug|Any CPU.ActiveCfg = Debug|Any CPU
		{F802776F-E2F7-5D46-4CB9-5AC76051F054}.Debug|Any CPU.Build.0 = Debug|Any CPU
		{F802776F-E2F7-5D46-4CB9-5AC76051F054}.Release|Any CPU.ActiveCfg = Release|Any CPU
		{F802776F-E2F7-5D46-4CB9-5AC76051F054}.Release|Any CPU.Build.0 = Release|Any CPU
		{D6A00DBF-132C-7351-63B0-CE5CAFE6D98E}.Debug|Any CPU.ActiveCfg = Debug|Any CPU
		{D6A00DBF-132C-7351-63B0-CE5CAFE6D98E}.Debug|Any CPU.Build.0 = Debug|Any CPU
		{D6A00DBF-132C-7351-63B0-CE5CAFE6D98E}.Release|Any CPU.ActiveCfg = Release|Any CPU
		{D6A00DBF-132C-7351-63B0-CE5CAFE6D98E}.Release|Any CPU.Build.0 = Release|Any CPU
	EndGlobalSection
	GlobalSection(SolutionProperties) = preSolution
		HideSolutionNode = FALSE
	EndGlobalSection
EndGlobal
